
Microsoft Visual Studio Solution File, Format Version 12.00
# Visual Studio Version 17
VisualStudioVersion = 17.12.35707.178
MinimumVisualStudioVersion = 10.0.40219.1
Project("{FAE04EC0-301F-11D3-BF4B-00C04F79EFBC}") = "reLIFE.WinFormsUI", "reLIFE.WinFormsUI\reLIFE.WinFormsUI.csproj", "{27997EDB-7F48-4D62-9C3D-BEEE4DD6C9A5}"
EndProject
Project("{FAE04EC0-301F-11D3-BF4B-00C04F79EFBC}") = "reLIFE.Core", "reLIFE.Core\reLIFE.Core.csproj", "{8A07332B-9E64-42B9-9CB6-65D6A94A3FE4}"
EndProject
Project("{FAE04EC0-301F-11D3-BF4B-00C04F79EFBC}") = "reLIFE.BusinessLogic", "reLIFE.BusinessLogic\reLIFE.BusinessLogic.csproj", "{8E2D4983-DA29-4DC8-B497-B6D7139793E0}"
EndProject
Global
	GlobalSection(SolutionConfigurationPlatforms) = preSolution
		Debug|Any CPU = Debug|Any CPU
		Release|Any CPU = Release|Any CPU
	EndGlobalSection
	GlobalSection(ProjectConfigurationPlatforms) = postSolution
		{27997EDB-7F48-4D62-9C3D-BEEE4DD6C9A5}.Debug|Any CPU.ActiveCfg = Debug|Any CPU
		{27997EDB-7F48-4D62-9C3D-BEEE4DD6C9A5}.Debug|Any CPU.Build.0 = Debug|Any CPU
		{27997EDB-7F48-4D62-9C3D-BEEE4DD6C9A5}.Release|Any CPU.ActiveCfg = Release|Any CPU
		{27997EDB-7F48-4D62-9C3D-BEEE4DD6C9A5}.Release|Any CPU.Build.0 = Release|Any CPU
		{8A07332B-9E64-42B9-9CB6-65D6A94A3FE4}.Debug|Any CPU.ActiveCfg = Debug|Any CPU
		{8A07332B-9E64-42B9-9CB6-65D6A94A3FE4}.Debug|Any CPU.Build.0 = Debug|Any CPU
		{8A07332B-9E64-42B9-9CB6-65D6A94A3FE4}.Release|Any CPU.ActiveCfg = Release|Any CPU
		{8A07332B-9E64-42B9-9CB6-65D6A94A3FE4}.Release|Any CPU.Build.0 = Release|Any CPU
		{8E2D4983-DA29-4DC8-B497-B6D7139793E0}.Debug|Any CPU.ActiveCfg = Debug|Any CPU
		{8E2D4983-DA29-4DC8-B497-B6D7139793E0}.Debug|Any CPU.Build.0 = Debug|Any CPU
		{8E2D4983-DA29-4DC8-B497-B6D7139793E0}.Release|Any CPU.ActiveCfg = Release|Any CPU
		{8E2D4983-DA29-4DC8-B497-B6D7139793E0}.Release|Any CPU.Build.0 = Release|Any CPU
	EndGlobalSection
	GlobalSection(SolutionProperties) = preSolution
		HideSolutionNode = FALSE
	EndGlobalSection
EndGlobal
